
Microsoft Visual Studio Solution File, Format Version 12.00
# Visual Studio Version 16
VisualStudioVersion = 25.0.1706.0
MinimumVisualStudioVersion = 10.0.40219.1
Project("{FAE04EC0-301F-11D3-BF4B-00C04F79EFBC}") = "RandomPlatformer", "RandomPlatformer\RandomPlatformer.csproj", "{C5EACE83-6620-4E9F-AA39-4A56737EEFE7}"
EndProject
Global
	GlobalSection(SolutionConfigurationPlatforms) = preSolution
		Debug|Any CPU = Debug|Any CPU
		Release|Any CPU = Release|Any CPU
	EndGlobalSection
	GlobalSection(ProjectConfigurationPlatforms) = postSolution
		{C5EACE83-6620-4E9F-AA39-4A56737EEFE7}.Debug|Any CPU.ActiveCfg = Debug|Any CPU
		{C5EACE83-6620-4E9F-AA39-4A56737EEFE7}.Debug|Any CPU.Build.0 = Debug|Any CPU
		{C5EACE83-6620-4E9F-AA39-4A56737EEFE7}.Release|Any CPU.ActiveCfg = Release|Any CPU
		{C5EACE83-6620-4E9F-AA39-4A56737EEFE7}.Release|Any CPU.Build.0 = Release|Any CPU
	EndGlobalSection
	GlobalSection(SolutionProperties) = preSolution
		HideSolutionNode = FALSE
	EndGlobalSection
	GlobalSection(ExtensibilityGlobals) = postSolution
		SolutionGuid = {96D09C67-73C4-4421-9AB6-287F64B9484B}
	EndGlobalSection
EndGlobal
